{
  "version": "3",
  "remote": {
    "https://cdn.jsdelivr.net/gh/Byzanteam/breeze-js@latest/lib/runtime.ts": "ff2f817652120a33b5d8971ce21928ddeec16139bba7cfd2dd20600055d01485",
    "https://cdn.jsdelivr.net/gh/Byzanteam/breeze-js@latest/lib/url.ts": "82ce34a50847547eb70391e543dbe29423281fc77822621127a5f609ba8de415",
    "https://cdn.jsdelivr.net/gh/Byzanteam/jet-tower-plugin-js@1a2f17af82fb706d093c8b27d56f8bfc4666069c/deps.ts": "ff0730943cf2742fdc5cf4f9ff1a13e01dee09832ab4fab8161c0d7b4179df97",
    "https://cdn.jsdelivr.net/gh/Byzanteam/jet-tower-plugin-js@1a2f17af82fb706d093c8b27d56f8bfc4666069c/mod.ts": "8a7547e72b76c7cd13511ca56a350745375a32b8597f83d8af068f0de6c436e5",
    "https://cdn.jsdelivr.net/gh/Byzanteam/jet-tower-plugin-js@1a2f17af82fb706d093c8b27d56f8bfc4666069c/src/api.ts": "b10d0c70a5fe9a208a2957c6ab0cdb81f43a0f45f2a6b1ed6277d02e72a6cd6c",
    "https://cdn.jsdelivr.net/gh/Byzanteam/jet-tower-plugin-js@1a2f17af82fb706d093c8b27d56f8bfc4666069c/src/tower.ts": "a2c41080b634f58851eb66bd38bcda60bbe7968d8738780b56b81738cd5b3575",
    "https://cdn.jsdelivr.net/gh/Byzanteam/jet-tower-plugin-js@1a2f17af82fb706d093c8b27d56f8bfc4666069c/src/types.ts": "62d41f777521eb1dc6a7153b6e1a39c769b7ba79e7dd686d33077603a42979b4",
    "https://cdn.jsdelivr.net/gh/Byzanteam/jet-tower-plugin-js@2ba09f04586edff3a3e209242bc22ecd90aa39e7/deps.ts": "ff0730943cf2742fdc5cf4f9ff1a13e01dee09832ab4fab8161c0d7b4179df97",
    "https://cdn.jsdelivr.net/gh/Byzanteam/jet-tower-plugin-js@2ba09f04586edff3a3e209242bc22ecd90aa39e7/mod.ts": "8a7547e72b76c7cd13511ca56a350745375a32b8597f83d8af068f0de6c436e5",
    "https://cdn.jsdelivr.net/gh/Byzanteam/jet-tower-plugin-js@2ba09f04586edff3a3e209242bc22ecd90aa39e7/src/api.ts": "fe1c4ea094e8df5c8a6d0f4de44062471bbc5ea28196cc63aed34b17fe32866e",
    "https://cdn.jsdelivr.net/gh/Byzanteam/jet-tower-plugin-js@2ba09f04586edff3a3e209242bc22ecd90aa39e7/src/tower.ts": "d7790f4897040c19e0e24fffdea64d42ef811df3df543c0cfda5e0c6a5414c1c",
    "https://cdn.jsdelivr.net/gh/Byzanteam/jet-tower-plugin-js@2ba09f04586edff3a3e209242bc22ecd90aa39e7/src/types.ts": "66ae3c23d54df865686ff1379cd37854ebf581e6af929db32fb912a3121444cf",
    "https://deno.land/std@0.161.0/encoding/base64.ts": "c57868ca7fa2fbe919f57f88a623ad34e3d970d675bdc1ff3a9d02bba7409db2",
    "https://deno.land/x/oauth2_client@v1.0.2/mod.ts": "ea54c0a894d3303a80552ca65835b5b104d16415343b24e191f08e7f5db90ff7",
    "https://deno.land/x/oauth2_client@v1.0.2/src/authorization_code_grant.ts": "36953750b75fb0a14fbf4e0e4bcc1d5ae0209d216d7b32f93a134b035ecf3d25",
    "https://deno.land/x/oauth2_client@v1.0.2/src/client_credentials_grant.ts": "5bb9869925c5f5d11e8d66a86da37e2353107d57f57ec3a1480e197462e79be5",
    "https://deno.land/x/oauth2_client@v1.0.2/src/errors.ts": "7603479b80386b5cc7e384c2af5f5262ed7c2123e4e297d9f21e95515f8a803a",
    "https://deno.land/x/oauth2_client@v1.0.2/src/grant_base.ts": "86ae9eb3495f2304a634498fbb83741c5dc0e1357e02c40e12e212de5e9750f7",
    "https://deno.land/x/oauth2_client@v1.0.2/src/implicit_grant.ts": "d5359aebbdaaff039c0d078890aa4ffa2869da19c521e535e15caf09c069e6b8",
    "https://deno.land/x/oauth2_client@v1.0.2/src/oauth2_client.ts": "4e5ec26676661a3f69544826a4c27b30cc07dfcfc77f86981c324aaa53291a11",
    "https://deno.land/x/oauth2_client@v1.0.2/src/pkce.ts": "d286a087cc8ef985b71a2bf391e9e9d86a78ac6d93e30c46e73006171aed0986",
    "https://deno.land/x/oauth2_client@v1.0.2/src/refresh_token_grant.ts": "22cb1598e48fb037b4111a446573f7b48a3b361b58de58af17ba097221b12b54",
    "https://deno.land/x/oauth2_client@v1.0.2/src/resource_owner_password_credentials.ts": "bd3df99d32eeebffb411c4a2d3c3d057395515fb41690a8d91460dd74b9bf466",
    "https://deno.land/x/oauth2_client@v1.0.2/src/types.ts": "3327c2e81bc483e91843fb103595dd304393c3ac2a530d1c89200b6a5cf75e13",
    "https://esm.sh/hono@4.0.10": "a91e88c1f9d8bb49cd34405a92e5b40e9298d89d4b900cd761400103ae080714",
    "https://esm.sh/v135/hono@4.0.10/denonext/hono-base.js": "bf95d9cbc967b3efc09838997bda513d28230944f37d646804e4de4d3bed2c9d",
    "https://esm.sh/v135/hono@4.0.10/denonext/hono.mjs": "7beb780eef1e842aef825f0c63f028a55fdc8dfb07ec7b9f4a8c375b1d2b62bd",
    "https://esm.sh/v135/hono@4.0.10/denonext/http-exception.js": "48c1f3ebf14e8594f9d10ed34b9e6916ef1642af8ad5fd1fba6272c1a594b5a1",
    "https://esm.sh/v135/hono@4.0.10/denonext/router.js": "087ca7021b68455038a68bd299f22911c8f41840c4ba40e82a3b0725bb16f868",
    "https://esm.sh/v135/hono@4.0.10/denonext/router/reg-exp-router.js": "1c878b540ec2b948c07e50f97a373d03e12ff0bc94ce968bc9a781170b78c596",
    "https://esm.sh/v135/hono@4.0.10/denonext/router/smart-router.js": "feedec0c4f2cfc41f4750b885c3f176f7665b39614b9197367a680deaf1c4dbe",
    "https://esm.sh/v135/hono@4.0.10/denonext/router/trie-router.js": "f213763e3f78f3046fcd7609b3d91b0ab1a603f3af56689929c7fe6b4ffde681",
    "https://esm.sh/v135/hono@4.0.10/denonext/utils/body.js": "1850e7efc29de9267d0b1d5d2f76c9197ac7de2cd2b55b42ccf03df1e7b620ef",
    "https://esm.sh/v135/hono@4.0.10/denonext/utils/html.js": "5b93ef08f64d3b7479ca4e89110da5c5a097f69d460bed9c6513e2b1f7bd3407",
    "https://esm.sh/v135/hono@4.0.10/denonext/utils/url.js": "2c0754ea88347fc3b3a32240551d104bb80e7a099c59fa09c1cf2d7713934cd0"
  }
}
